
Microsoft Visual Studio Solution File, Format Version 12.00
# Visual Studio Version 17
VisualStudioVersion = 17.7.34221.43
MinimumVisualStudioVersion = 10.0.40219.1
Project("{FAE04EC0-301F-11D3-BF4B-00C04F79EFBC}") = "ProductionInventoryManager", "ProductionInventoryManager\ProductionInventoryManager.csproj", "{A69B8116-2467-401C-BE03-87D20EA5DACE}"
EndProject
Project("{2150E333-8FDC-42A3-9474-1A3956D46DE8}") = "Solution Items", "Solution Items", "{55291DCB-C0C7-4665-970B-4392905D8D51}"
	ProjectSection(SolutionItems) = preProject
		.editorconfig = .editorconfig
	EndProjectSection
EndProject
Global
	GlobalSection(SolutionConfigurationPlatforms) = preSolution
		Debug|x64 = Debug|x64
	EndGlobalSection
	GlobalSection(ProjectConfigurationPlatforms) = postSolution
		{A69B8116-2467-401C-BE03-87D20EA5DACE}.Debug|x64.ActiveCfg = Debug|x64
		{A69B8116-2467-401C-BE03-87D20EA5DACE}.Debug|x64.Build.0 = Debug|x64
	EndGlobalSection
	GlobalSection(SolutionProperties) = preSolution
		HideSolutionNode = FALSE
	EndGlobalSection
	GlobalSection(ExtensibilityGlobals) = postSolution
		SolutionGuid = {BA78BE61-6BB2-471E-9804-395A595AE742}
	EndGlobalSection
EndGlobal
